// !$*UTF8*$!
{
	archiveVersion = 1;
	classes = {
	};
	objectVersion = 46;
	objects = {

/* Begin PBXBuildFile section */
		0A1C0C991D17346100BBD772 /* AppDelegate.swift in Sources */ = {isa = PBXBuildFile; fileRef = 0A1C0C981D17346100BBD772 /* AppDelegate.swift */; };
		0A1C0CA01D17346100BBD772 /* Assets.xcassets in Resources */ = {isa = PBXBuildFile; fileRef = 0A1C0C9F1D17346100BBD772 /* Assets.xcassets */; };
		0A1C0CA31D17346100BBD772 /* LaunchScreen.storyboard in Resources */ = {isa = PBXBuildFile; fileRef = 0A1C0CA11D17346100BBD772 /* LaunchScreen.storyboard */; };
		0A1C0CB71D173CB400BBD772 /* BeaconRepository.swift in Sources */ = {isa = PBXBuildFile; fileRef = 0A1C0CB61D173CB400BBD772 /* BeaconRepository.swift */; };
		0A1C0CB91D173CF100BBD772 /* BeaconDataStore.swift in Sources */ = {isa = PBXBuildFile; fileRef = 0A1C0CB81D173CF100BBD772 /* BeaconDataStore.swift */; };
		0A1C0CBB1D173EF300BBD772 /* BeaconDataStoreNetwork.swift in Sources */ = {isa = PBXBuildFile; fileRef = 0A1C0CBA1D173EF300BBD772 /* BeaconDataStoreNetwork.swift */; };
		0A1C0CC01D17405C00BBD772 /* Credential.swift in Sources */ = {isa = PBXBuildFile; fileRef = 0A1C0CBF1D17405C00BBD772 /* Credential.swift */; };
		0A1C0CC31D17461B00BBD772 /* WebServiceManager.swift in Sources */ = {isa = PBXBuildFile; fileRef = 0A1C0CC21D17461B00BBD772 /* WebServiceManager.swift */; };
		0A1C0CC51D17475100BBD772 /* Endpoint.swift in Sources */ = {isa = PBXBuildFile; fileRef = 0A1C0CC41D17475100BBD772 /* Endpoint.swift */; };
		0A1C0CC91D176CDE00BBD772 /* JSONHelper.swift in Sources */ = {isa = PBXBuildFile; fileRef = 0A1C0CC81D176CDE00BBD772 /* JSONHelper.swift */; };
		0A1C0CCC1D1770FE00BBD772 /* Beacon.swift in Sources */ = {isa = PBXBuildFile; fileRef = 0A1C0CCB1D1770FE00BBD772 /* Beacon.swift */; };
		0A1C0CCE1D17776400BBD772 /* DictionaryConvertible.swift in Sources */ = {isa = PBXBuildFile; fileRef = 0A1C0CCD1D17776400BBD772 /* DictionaryConvertible.swift */; };
		0AEC90F31D18FFEB00238C64 /* ChallengeSceneViewController.storyboard in Resources */ = {isa = PBXBuildFile; fileRef = 0AEC90F21D18FFEB00238C64 /* ChallengeSceneViewController.storyboard */; };
		0AEC90F51D19011200238C64 /* ChallengeSceneViewController.swift in Sources */ = {isa = PBXBuildFile; fileRef = 0AEC90F41D19011200238C64 /* ChallengeSceneViewController.swift */; };
		47BA528A1D189E050022FE63 /* User.swift in Sources */ = {isa = PBXBuildFile; fileRef = 47BA52891D189E050022FE63 /* User.swift */; };
		47BA528C1D189F130022FE63 /* Visit.swift in Sources */ = {isa = PBXBuildFile; fileRef = 47BA528B1D189F130022FE63 /* Visit.swift */; };
		47BA52901D18A1D80022FE63 /* UserRepository.swift in Sources */ = {isa = PBXBuildFile; fileRef = 47BA528F1D18A1D80022FE63 /* UserRepository.swift */; };
		47BA52921D18A1E40022FE63 /* UserDataStore.swift in Sources */ = {isa = PBXBuildFile; fileRef = 47BA52911D18A1E40022FE63 /* UserDataStore.swift */; };
		47BA52941D18A1F00022FE63 /* UserDataStoreNetwork.swift in Sources */ = {isa = PBXBuildFile; fileRef = 47BA52931D18A1F00022FE63 /* UserDataStoreNetwork.swift */; };
		47BA52A71D199C7E0022FE63 /* add-user-response.json in Resources */ = {isa = PBXBuildFile; fileRef = 47BA52A61D199C7E0022FE63 /* add-user-response.json */; };
		47BA52AC1D19A65F0022FE63 /* AppCredential.swift in Sources */ = {isa = PBXBuildFile; fileRef = 47BA52AB1D19A65F0022FE63 /* AppCredential.swift */; };
		47BA52AE1D19A7C80022FE63 /* LoginInteractor.swift in Sources */ = {isa = PBXBuildFile; fileRef = 47BA52AD1D19A7C80022FE63 /* LoginInteractor.swift */; };
		47BA52B01D19ADB70022FE63 /* Main.storyboard in Resources */ = {isa = PBXBuildFile; fileRef = 47BA52AF1D19ADB70022FE63 /* Main.storyboard */; };
		47BA52B21D19ADF50022FE63 /* LoginViewController.storyboard in Resources */ = {isa = PBXBuildFile; fileRef = 47BA52B11D19ADF50022FE63 /* LoginViewController.storyboard */; };
		47BA52B41D19AE030022FE63 /* LoginViewController.swift in Sources */ = {isa = PBXBuildFile; fileRef = 47BA52B31D19AE030022FE63 /* LoginViewController.swift */; };
		47BA52B81D19BA970022FE63 /* CreateUserViewController.swift in Sources */ = {isa = PBXBuildFile; fileRef = 47BA52B71D19BA970022FE63 /* CreateUserViewController.swift */; };
		47BA52BA1D19BC330022FE63 /* CreateUserViewController.storyboard in Resources */ = {isa = PBXBuildFile; fileRef = 47BA52B91D19BC330022FE63 /* CreateUserViewController.storyboard */; };
		47BA52BC1D19BDE70022FE63 /* CreateUserInteractor.swift in Sources */ = {isa = PBXBuildFile; fileRef = 47BA52BB1D19BDE70022FE63 /* CreateUserInteractor.swift */; };
		47BA52BE1D19C1970022FE63 /* ChallengeListViewController.storyboard in Resources */ = {isa = PBXBuildFile; fileRef = 47BA52BD1D19C1970022FE63 /* ChallengeListViewController.storyboard */; };
		47BA52C21D19E6DC0022FE63 /* ChallengeListViewController.swift in Sources */ = {isa = PBXBuildFile; fileRef = 47BA52C11D19E6DC0022FE63 /* ChallengeListViewController.swift */; };
		47BA52C41D19EE160022FE63 /* beacon-list-response.json in Resources */ = {isa = PBXBuildFile; fileRef = 47BA52C31D19EE160022FE63 /* beacon-list-response.json */; };
		47BA52C61D19EF5B0022FE63 /* BeaconDataStoreLocal.swift in Sources */ = {isa = PBXBuildFile; fileRef = 47BA52C51D19EF5B0022FE63 /* BeaconDataStoreLocal.swift */; };
		47BA52C81D19F36E0022FE63 /* get-beacon-response.json in Resources */ = {isa = PBXBuildFile; fileRef = 47BA52C71D19F36E0022FE63 /* get-beacon-response.json */; };
		47BA52CA1D19F4750022FE63 /* get-all-visits-response.json in Resources */ = {isa = PBXBuildFile; fileRef = 47BA52C91D19F4750022FE63 /* get-all-visits-response.json */; };
		47BA52CD1D19F6990022FE63 /* ChallengeListInteractor.swift in Sources */ = {isa = PBXBuildFile; fileRef = 47BA52CC1D19F6990022FE63 /* ChallengeListInteractor.swift */; };
		47BA52CF1D19FFF20022FE63 /* Challenge.swift in Sources */ = {isa = PBXBuildFile; fileRef = 47BA52CE1D19FFF20022FE63 /* Challenge.swift */; };
		47BA52D21D1A009E0022FE63 /* ChallengeRepository.swift in Sources */ = {isa = PBXBuildFile; fileRef = 47BA52D11D1A009E0022FE63 /* ChallengeRepository.swift */; };
		47BA52D41D1A00E70022FE63 /* ChallengeDataStore.swift in Sources */ = {isa = PBXBuildFile; fileRef = 47BA52D31D1A00E70022FE63 /* ChallengeDataStore.swift */; };
		47BA52D61D1A01140022FE63 /* ChallengeDataStoreNetwork.swift in Sources */ = {isa = PBXBuildFile; fileRef = 47BA52D51D1A01140022FE63 /* ChallengeDataStoreNetwork.swift */; };
		47BA52D81D1A01880022FE63 /* ChallengeDataStoreLocal.swift in Sources */ = {isa = PBXBuildFile; fileRef = 47BA52D71D1A01880022FE63 /* ChallengeDataStoreLocal.swift */; };
		47BA52DA1D1A020C0022FE63 /* get-all-challenges-response.json in Resources */ = {isa = PBXBuildFile; fileRef = 47BA52D91D1A020C0022FE63 /* get-all-challenges-response.json */; };
		47BA52DC1D1A04180022FE63 /* UserDataStoreLocal.swift in Sources */ = {isa = PBXBuildFile; fileRef = 47BA52DB1D1A04180022FE63 /* UserDataStoreLocal.swift */; };
		47BA52DE1D1A04AF0022FE63 /* login-user-response.json in Resources */ = {isa = PBXBuildFile; fileRef = 47BA52DD1D1A04AF0022FE63 /* login-user-response.json */; };
		47BA52E01D1A05BF0022FE63 /* get-user-response.json in Resources */ = {isa = PBXBuildFile; fileRef = 47BA52DF1D1A05BF0022FE63 /* get-user-response.json */; };
		47BA52E21D1A060A0022FE63 /* get-all-users-response.json in Resources */ = {isa = PBXBuildFile; fileRef = 47BA52E11D1A060A0022FE63 /* get-all-users-response.json */; };
/* End PBXBuildFile section */

/* Begin PBXFileReference section */
		0A1C0C951D17346100BBD772 /* BeaconHunt.app */ = {isa = PBXFileReference; explicitFileType = wrapper.application; includeInIndex = 0; path = BeaconHunt.app; sourceTree = BUILT_PRODUCTS_DIR; };
		0A1C0C981D17346100BBD772 /* AppDelegate.swift */ = {isa = PBXFileReference; lastKnownFileType = sourcecode.swift; path = AppDelegate.swift; sourceTree = "<group>"; };
		0A1C0C9F1D17346100BBD772 /* Assets.xcassets */ = {isa = PBXFileReference; lastKnownFileType = folder.assetcatalog; path = Assets.xcassets; sourceTree = "<group>"; };
		0A1C0CA21D17346100BBD772 /* Base */ = {isa = PBXFileReference; lastKnownFileType = file.storyboard; name = Base; path = Base.lproj/LaunchScreen.storyboard; sourceTree = "<group>"; };
		0A1C0CA41D17346100BBD772 /* Info.plist */ = {isa = PBXFileReference; lastKnownFileType = text.plist.xml; path = Info.plist; sourceTree = "<group>"; };
		0A1C0CB61D173CB400BBD772 /* BeaconRepository.swift */ = {isa = PBXFileReference; fileEncoding = 4; lastKnownFileType = sourcecode.swift; path = BeaconRepository.swift; sourceTree = "<group>"; };
		0A1C0CB81D173CF100BBD772 /* BeaconDataStore.swift */ = {isa = PBXFileReference; fileEncoding = 4; lastKnownFileType = sourcecode.swift; path = BeaconDataStore.swift; sourceTree = "<group>"; };
		0A1C0CBA1D173EF300BBD772 /* BeaconDataStoreNetwork.swift */ = {isa = PBXFileReference; fileEncoding = 4; lastKnownFileType = sourcecode.swift; path = BeaconDataStoreNetwork.swift; sourceTree = "<group>"; };
		0A1C0CBF1D17405C00BBD772 /* Credential.swift */ = {isa = PBXFileReference; fileEncoding = 4; lastKnownFileType = sourcecode.swift; path = Credential.swift; sourceTree = "<group>"; };
		0A1C0CC21D17461B00BBD772 /* WebServiceManager.swift */ = {isa = PBXFileReference; fileEncoding = 4; lastKnownFileType = sourcecode.swift; path = WebServiceManager.swift; sourceTree = "<group>"; };
		0A1C0CC41D17475100BBD772 /* Endpoint.swift */ = {isa = PBXFileReference; fileEncoding = 4; lastKnownFileType = sourcecode.swift; path = Endpoint.swift; sourceTree = "<group>"; };
		0A1C0CC81D176CDE00BBD772 /* JSONHelper.swift */ = {isa = PBXFileReference; fileEncoding = 4; lastKnownFileType = sourcecode.swift; path = JSONHelper.swift; sourceTree = "<group>"; };
		0A1C0CCB1D1770FE00BBD772 /* Beacon.swift */ = {isa = PBXFileReference; fileEncoding = 4; lastKnownFileType = sourcecode.swift; path = Beacon.swift; sourceTree = "<group>"; };
		0A1C0CCD1D17776400BBD772 /* DictionaryConvertible.swift */ = {isa = PBXFileReference; fileEncoding = 4; lastKnownFileType = sourcecode.swift; path = DictionaryConvertible.swift; sourceTree = "<group>"; };
		0AEC90F21D18FFEB00238C64 /* ChallengeSceneViewController.storyboard */ = {isa = PBXFileReference; fileEncoding = 4; lastKnownFileType = file.storyboard; path = ChallengeSceneViewController.storyboard; sourceTree = "<group>"; };
		0AEC90F41D19011200238C64 /* ChallengeSceneViewController.swift */ = {isa = PBXFileReference; fileEncoding = 4; lastKnownFileType = sourcecode.swift; path = ChallengeSceneViewController.swift; sourceTree = "<group>"; };
		47BA52891D189E050022FE63 /* User.swift */ = {isa = PBXFileReference; fileEncoding = 4; lastKnownFileType = sourcecode.swift; path = User.swift; sourceTree = "<group>"; };
		47BA528B1D189F130022FE63 /* Visit.swift */ = {isa = PBXFileReference; fileEncoding = 4; lastKnownFileType = sourcecode.swift; path = Visit.swift; sourceTree = "<group>"; };
		47BA528F1D18A1D80022FE63 /* UserRepository.swift */ = {isa = PBXFileReference; fileEncoding = 4; lastKnownFileType = sourcecode.swift; path = UserRepository.swift; sourceTree = "<group>"; };
		47BA52911D18A1E40022FE63 /* UserDataStore.swift */ = {isa = PBXFileReference; fileEncoding = 4; lastKnownFileType = sourcecode.swift; path = UserDataStore.swift; sourceTree = "<group>"; };
		47BA52931D18A1F00022FE63 /* UserDataStoreNetwork.swift */ = {isa = PBXFileReference; fileEncoding = 4; lastKnownFileType = sourcecode.swift; path = UserDataStoreNetwork.swift; sourceTree = "<group>"; };
		47BA52A61D199C7E0022FE63 /* add-user-response.json */ = {isa = PBXFileReference; fileEncoding = 4; lastKnownFileType = text.json; path = "add-user-response.json"; sourceTree = "<group>"; };
		47BA52AB1D19A65F0022FE63 /* AppCredential.swift */ = {isa = PBXFileReference; fileEncoding = 4; lastKnownFileType = sourcecode.swift; path = AppCredential.swift; sourceTree = "<group>"; };
		47BA52AD1D19A7C80022FE63 /* LoginInteractor.swift */ = {isa = PBXFileReference; fileEncoding = 4; lastKnownFileType = sourcecode.swift; path = LoginInteractor.swift; sourceTree = "<group>"; };
		47BA52AF1D19ADB70022FE63 /* Main.storyboard */ = {isa = PBXFileReference; fileEncoding = 4; lastKnownFileType = file.storyboard; path = Main.storyboard; sourceTree = "<group>"; };
		47BA52B11D19ADF50022FE63 /* LoginViewController.storyboard */ = {isa = PBXFileReference; fileEncoding = 4; lastKnownFileType = file.storyboard; path = LoginViewController.storyboard; sourceTree = "<group>"; };
		47BA52B31D19AE030022FE63 /* LoginViewController.swift */ = {isa = PBXFileReference; fileEncoding = 4; lastKnownFileType = sourcecode.swift; path = LoginViewController.swift; sourceTree = "<group>"; };
		47BA52B71D19BA970022FE63 /* CreateUserViewController.swift */ = {isa = PBXFileReference; fileEncoding = 4; lastKnownFileType = sourcecode.swift; path = CreateUserViewController.swift; sourceTree = "<group>"; };
		47BA52B91D19BC330022FE63 /* CreateUserViewController.storyboard */ = {isa = PBXFileReference; fileEncoding = 4; lastKnownFileType = file.storyboard; path = CreateUserViewController.storyboard; sourceTree = "<group>"; };
		47BA52BB1D19BDE70022FE63 /* CreateUserInteractor.swift */ = {isa = PBXFileReference; fileEncoding = 4; lastKnownFileType = sourcecode.swift; path = CreateUserInteractor.swift; sourceTree = "<group>"; };
		47BA52BD1D19C1970022FE63 /* ChallengeListViewController.storyboard */ = {isa = PBXFileReference; fileEncoding = 4; lastKnownFileType = file.storyboard; path = ChallengeListViewController.storyboard; sourceTree = "<group>"; };
		47BA52C11D19E6DC0022FE63 /* ChallengeListViewController.swift */ = {isa = PBXFileReference; fileEncoding = 4; lastKnownFileType = sourcecode.swift; path = ChallengeListViewController.swift; sourceTree = "<group>"; };
		47BA52C31D19EE160022FE63 /* beacon-list-response.json */ = {isa = PBXFileReference; fileEncoding = 4; lastKnownFileType = text.json; path = "beacon-list-response.json"; sourceTree = "<group>"; };
		47BA52C51D19EF5B0022FE63 /* BeaconDataStoreLocal.swift */ = {isa = PBXFileReference; fileEncoding = 4; lastKnownFileType = sourcecode.swift; path = BeaconDataStoreLocal.swift; sourceTree = "<group>"; };
		47BA52C71D19F36E0022FE63 /* get-beacon-response.json */ = {isa = PBXFileReference; fileEncoding = 4; lastKnownFileType = text.json; path = "get-beacon-response.json"; sourceTree = "<group>"; };
		47BA52C91D19F4750022FE63 /* get-all-visits-response.json */ = {isa = PBXFileReference; fileEncoding = 4; lastKnownFileType = text.json; path = "get-all-visits-response.json"; sourceTree = "<group>"; };
		47BA52CC1D19F6990022FE63 /* ChallengeListInteractor.swift */ = {isa = PBXFileReference; fileEncoding = 4; lastKnownFileType = sourcecode.swift; path = ChallengeListInteractor.swift; sourceTree = "<group>"; };
		47BA52CE1D19FFF20022FE63 /* Challenge.swift */ = {isa = PBXFileReference; fileEncoding = 4; lastKnownFileType = sourcecode.swift; path = Challenge.swift; sourceTree = "<group>"; };
		47BA52D11D1A009E0022FE63 /* ChallengeRepository.swift */ = {isa = PBXFileReference; fileEncoding = 4; lastKnownFileType = sourcecode.swift; path = ChallengeRepository.swift; sourceTree = "<group>"; };
		47BA52D31D1A00E70022FE63 /* ChallengeDataStore.swift */ = {isa = PBXFileReference; fileEncoding = 4; lastKnownFileType = sourcecode.swift; path = ChallengeDataStore.swift; sourceTree = "<group>"; };
		47BA52D51D1A01140022FE63 /* ChallengeDataStoreNetwork.swift */ = {isa = PBXFileReference; fileEncoding = 4; lastKnownFileType = sourcecode.swift; path = ChallengeDataStoreNetwork.swift; sourceTree = "<group>"; };
		47BA52D71D1A01880022FE63 /* ChallengeDataStoreLocal.swift */ = {isa = PBXFileReference; fileEncoding = 4; lastKnownFileType = sourcecode.swift; path = ChallengeDataStoreLocal.swift; sourceTree = "<group>"; };
		47BA52D91D1A020C0022FE63 /* get-all-challenges-response.json */ = {isa = PBXFileReference; fileEncoding = 4; lastKnownFileType = text.json; path = "get-all-challenges-response.json"; sourceTree = "<group>"; };
		47BA52DB1D1A04180022FE63 /* UserDataStoreLocal.swift */ = {isa = PBXFileReference; fileEncoding = 4; lastKnownFileType = sourcecode.swift; path = UserDataStoreLocal.swift; sourceTree = "<group>"; };
		47BA52DD1D1A04AF0022FE63 /* login-user-response.json */ = {isa = PBXFileReference; fileEncoding = 4; lastKnownFileType = text.json; path = "login-user-response.json"; sourceTree = "<group>"; };
		47BA52DF1D1A05BF0022FE63 /* get-user-response.json */ = {isa = PBXFileReference; fileEncoding = 4; lastKnownFileType = text.json; path = "get-user-response.json"; sourceTree = "<group>"; };
		47BA52E11D1A060A0022FE63 /* get-all-users-response.json */ = {isa = PBXFileReference; fileEncoding = 4; lastKnownFileType = text.json; path = "get-all-users-response.json"; sourceTree = "<group>"; };
/* End PBXFileReference section */

/* Begin PBXFrameworksBuildPhase section */
		0A1C0C921D17346100BBD772 /* Frameworks */ = {
			isa = PBXFrameworksBuildPhase;
			buildActionMask = 2147483647;
			files = (
			);
			runOnlyForDeploymentPostprocessing = 0;
		};
/* End PBXFrameworksBuildPhase section */

/* Begin PBXGroup section */
		0A1C0C8C1D17346100BBD772 = {
			isa = PBXGroup;
			children = (
				0A1C0C971D17346100BBD772 /* BeaconHunt */,
				0A1C0C961D17346100BBD772 /* Products */,
			);
			sourceTree = "<group>";
		};
		0A1C0C961D17346100BBD772 /* Products */ = {
			isa = PBXGroup;
			children = (
				0A1C0C951D17346100BBD772 /* BeaconHunt.app */,
			);
			name = Products;
			sourceTree = "<group>";
		};
		0A1C0C971D17346100BBD772 /* BeaconHunt */ = {
			isa = PBXGroup;
			children = (
				0A1C0CAA1D1734FD00BBD772 /* Presentation */,
				0A1C0CAB1D17352100BBD772 /* Application */,
				0A1C0CAC1D17354B00BBD772 /* Data */,
				0A1C0CCA1D1770B700BBD772 /* Entity */,
				0A1C0CC11D1745A600BBD772 /* Util */,
				47BA52A51D199C340022FE63 /* TestData */,
				0A1C0C981D17346100BBD772 /* AppDelegate.swift */,
				0A1C0C9F1D17346100BBD772 /* Assets.xcassets */,
				0A1C0CA11D17346100BBD772 /* LaunchScreen.storyboard */,
				47BA52AF1D19ADB70022FE63 /* Main.storyboard */,
				0A1C0CA41D17346100BBD772 /* Info.plist */,
			);
			path = BeaconHunt;
			sourceTree = "<group>";
		};
		0A1C0CAA1D1734FD00BBD772 /* Presentation */ = {
			isa = PBXGroup;
			children = (
				0AEC90F01D18FE9C00238C64 /* LoginUserScene */,
				0AEC90EF1D18FE7700238C64 /* CreateUserScene */,
				0AEC90F11D18FED300238C64 /* ChallengeListScene */,
				0AEC90EA1D18FCFF00238C64 /* ChallengeScene */,
			);
			path = Presentation;
			sourceTree = "<group>";
		};
		0A1C0CAB1D17352100BBD772 /* Application */ = {
			isa = PBXGroup;
			children = (
				47BA52AA1D19A6190022FE63 /* Authentication */,
				47BA52CB1D19F66C0022FE63 /* ChallengeList */,
			);
			path = Application;
			sourceTree = "<group>";
		};
		0A1C0CAC1D17354B00BBD772 /* Data */ = {
			isa = PBXGroup;
			children = (
				0A1C0CBC1D173FC700BBD772 /* Authentication */,
				0A1C0CB51D173C2300BBD772 /* Beacon */,
				47BA52D01D1A007A0022FE63 /* Challenge */,
				47BA528D1D18A1930022FE63 /* User */,
				0A1C0CC41D17475100BBD772 /* Endpoint.swift */,
			);
			path = Data;
			sourceTree = "<group>";
		};
		0A1C0CB51D173C2300BBD772 /* Beacon */ = {
			isa = PBXGroup;
			children = (
				0A1C0CB61D173CB400BBD772 /* BeaconRepository.swift */,
				0A1C0CB81D173CF100BBD772 /* BeaconDataStore.swift */,
				0A1C0CBA1D173EF300BBD772 /* BeaconDataStoreNetwork.swift */,
				47BA52C51D19EF5B0022FE63 /* BeaconDataStoreLocal.swift */,
			);
			path = Beacon;
			sourceTree = "<group>";
		};
		0A1C0CBC1D173FC700BBD772 /* Authentication */ = {
			isa = PBXGroup;
			children = (
				0A1C0CBF1D17405C00BBD772 /* Credential.swift */,
			);
			path = Authentication;
			sourceTree = "<group>";
		};
		0A1C0CC11D1745A600BBD772 /* Util */ = {
			isa = PBXGroup;
			children = (
				0A1C0CC21D17461B00BBD772 /* WebServiceManager.swift */,
				0A1C0CC81D176CDE00BBD772 /* JSONHelper.swift */,
				0A1C0CCD1D17776400BBD772 /* DictionaryConvertible.swift */,
			);
			path = Util;
			sourceTree = "<group>";
		};
		0A1C0CCA1D1770B700BBD772 /* Entity */ = {
			isa = PBXGroup;
			children = (
				0A1C0CCB1D1770FE00BBD772 /* Beacon.swift */,
				47BA52CE1D19FFF20022FE63 /* Challenge.swift */,
				47BA52891D189E050022FE63 /* User.swift */,
				47BA528B1D189F130022FE63 /* Visit.swift */,
			);
			path = Entity;
			sourceTree = "<group>";
		};
		0AEC90EA1D18FCFF00238C64 /* ChallengeScene */ = {
			isa = PBXGroup;
			children = (
				0AEC90F21D18FFEB00238C64 /* ChallengeSceneViewController.storyboard */,
				0AEC90F41D19011200238C64 /* ChallengeSceneViewController.swift */,
			);
			path = ChallengeScene;
			sourceTree = "<group>";
		};
		0AEC90EF1D18FE7700238C64 /* CreateUserScene */ = {
			isa = PBXGroup;
			children = (
				47BA52B91D19BC330022FE63 /* CreateUserViewController.storyboard */,
				47BA52B71D19BA970022FE63 /* CreateUserViewController.swift */,
			);
			path = CreateUserScene;
			sourceTree = "<group>";
		};
		0AEC90F01D18FE9C00238C64 /* LoginUserScene */ = {
			isa = PBXGroup;
			children = (
				47BA52B11D19ADF50022FE63 /* LoginViewController.storyboard */,
				47BA52B31D19AE030022FE63 /* LoginViewController.swift */,
			);
			path = LoginUserScene;
			sourceTree = "<group>";
		};
		0AEC90F11D18FED300238C64 /* ChallengeListScene */ = {
			isa = PBXGroup;
			children = (
				47BA52BD1D19C1970022FE63 /* ChallengeListViewController.storyboard */,
				47BA52C11D19E6DC0022FE63 /* ChallengeListViewController.swift */,
			);
			path = ChallengeListScene;
			sourceTree = "<group>";
		};
		47BA528D1D18A1930022FE63 /* User */ = {
			isa = PBXGroup;
			children = (
				47BA528F1D18A1D80022FE63 /* UserRepository.swift */,
				47BA52911D18A1E40022FE63 /* UserDataStore.swift */,
				47BA52931D18A1F00022FE63 /* UserDataStoreNetwork.swift */,
				47BA52DB1D1A04180022FE63 /* UserDataStoreLocal.swift */,
			);
			path = User;
			sourceTree = "<group>";
		};
		47BA52A51D199C340022FE63 /* TestData */ = {
			isa = PBXGroup;
			children = (
				47BA52A61D199C7E0022FE63 /* add-user-response.json */,
				47BA52DD1D1A04AF0022FE63 /* login-user-response.json */,
				47BA52DF1D1A05BF0022FE63 /* get-user-response.json */,
				47BA52E11D1A060A0022FE63 /* get-all-users-response.json */,
				47BA52C31D19EE160022FE63 /* beacon-list-response.json */,
				47BA52C71D19F36E0022FE63 /* get-beacon-response.json */,
				47BA52C91D19F4750022FE63 /* get-all-visits-response.json */,
				47BA52D91D1A020C0022FE63 /* get-all-challenges-response.json */,
			);
			path = TestData;
			sourceTree = "<group>";
		};
		47BA52AA1D19A6190022FE63 /* Authentication */ = {
			isa = PBXGroup;
			children = (
				47BA52AB1D19A65F0022FE63 /* AppCredential.swift */,
				47BA52AD1D19A7C80022FE63 /* LoginInteractor.swift */,
				47BA52BB1D19BDE70022FE63 /* CreateUserInteractor.swift */,
			);
			path = Authentication;
			sourceTree = "<group>";
		};
		47BA52CB1D19F66C0022FE63 /* ChallengeList */ = {
			isa = PBXGroup;
			children = (
				47BA52CC1D19F6990022FE63 /* ChallengeListInteractor.swift */,
			);
			path = ChallengeList;
			sourceTree = "<group>";
		};
		47BA52D01D1A007A0022FE63 /* Challenge */ = {
			isa = PBXGroup;
			children = (
				47BA52D11D1A009E0022FE63 /* ChallengeRepository.swift */,
				47BA52D31D1A00E70022FE63 /* ChallengeDataStore.swift */,
				47BA52D51D1A01140022FE63 /* ChallengeDataStoreNetwork.swift */,
				47BA52D71D1A01880022FE63 /* ChallengeDataStoreLocal.swift */,
			);
			path = Challenge;
			sourceTree = "<group>";
		};
/* End PBXGroup section */

/* Begin PBXNativeTarget section */
		0A1C0C941D17346100BBD772 /* BeaconHunt */ = {
			isa = PBXNativeTarget;
			buildConfigurationList = 0A1C0CA71D17346100BBD772 /* Build configuration list for PBXNativeTarget "BeaconHunt" */;
			buildPhases = (
				0A1C0C911D17346100BBD772 /* Sources */,
				0A1C0C921D17346100BBD772 /* Frameworks */,
				0A1C0C931D17346100BBD772 /* Resources */,
			);
			buildRules = (
			);
			dependencies = (
			);
			name = BeaconHunt;
			productName = BeaconHunt;
			productReference = 0A1C0C951D17346100BBD772 /* BeaconHunt.app */;
			productType = "com.apple.product-type.application";
		};
/* End PBXNativeTarget section */

/* Begin PBXProject section */
		0A1C0C8D1D17346100BBD772 /* Project object */ = {
			isa = PBXProject;
			attributes = {
				LastSwiftUpdateCheck = 0730;
				LastUpgradeCheck = 0730;
				ORGANIZATIONNAME = Quorralyne;
				TargetAttributes = {
					0A1C0C941D17346100BBD772 = {
						CreatedOnToolsVersion = 7.3;
						DevelopmentTeam = D2J8X5QH2J;
					};
				};
			};
			buildConfigurationList = 0A1C0C901D17346100BBD772 /* Build configuration list for PBXProject "BeaconHunt" */;
			compatibilityVersion = "Xcode 3.2";
			developmentRegion = English;
			hasScannedForEncodings = 0;
			knownRegions = (
				en,
				Base,
			);
			mainGroup = 0A1C0C8C1D17346100BBD772;
			productRefGroup = 0A1C0C961D17346100BBD772 /* Products */;
			projectDirPath = "";
			projectRoot = "";
			targets = (
				0A1C0C941D17346100BBD772 /* BeaconHunt */,
			);
		};
/* End PBXProject section */

/* Begin PBXResourcesBuildPhase section */
		0A1C0C931D17346100BBD772 /* Resources */ = {
			isa = PBXResourcesBuildPhase;
			buildActionMask = 2147483647;
			files = (
				47BA52E01D1A05BF0022FE63 /* get-user-response.json in Resources */,
				47BA52E21D1A060A0022FE63 /* get-all-users-response.json in Resources */,
				47BA52C41D19EE160022FE63 /* beacon-list-response.json in Resources */,
				47BA52DE1D1A04AF0022FE63 /* login-user-response.json in Resources */,
				47BA52BE1D19C1970022FE63 /* ChallengeListViewController.storyboard in Resources */,
				47BA52CA1D19F4750022FE63 /* get-all-visits-response.json in Resources */,
				0A1C0CA31D17346100BBD772 /* LaunchScreen.storyboard in Resources */,
				0A1C0CA01D17346100BBD772 /* Assets.xcassets in Resources */,
				0AEC90F31D18FFEB00238C64 /* ChallengeSceneViewController.storyboard in Resources */,
				47BA52B01D19ADB70022FE63 /* Main.storyboard in Resources */,
				47BA52BA1D19BC330022FE63 /* CreateUserViewController.storyboard in Resources */,
				47BA52C81D19F36E0022FE63 /* get-beacon-response.json in Resources */,
				47BA52B21D19ADF50022FE63 /* LoginViewController.storyboard in Resources */,
				47BA52DA1D1A020C0022FE63 /* get-all-challenges-response.json in Resources */,
				47BA52A71D199C7E0022FE63 /* add-user-response.json in Resources */,
			);
			runOnlyForDeploymentPostprocessing = 0;
		};
/* End PBXResourcesBuildPhase section */

/* Begin PBXSourcesBuildPhase section */
		0A1C0C911D17346100BBD772 /* Sources */ = {
			isa = PBXSourcesBuildPhase;
			buildActionMask = 2147483647;
			files = (
				47BA52CD1D19F6990022FE63 /* ChallengeListInteractor.swift in Sources */,
				47BA52D41D1A00E70022FE63 /* ChallengeDataStore.swift in Sources */,
				47BA52CF1D19FFF20022FE63 /* Challenge.swift in Sources */,
				47BA52B41D19AE030022FE63 /* LoginViewController.swift in Sources */,
				47BA528A1D189E050022FE63 /* User.swift in Sources */,
				0AEC90F51D19011200238C64 /* ChallengeSceneViewController.swift in Sources */,
				47BA52D21D1A009E0022FE63 /* ChallengeRepository.swift in Sources */,
				0A1C0C991D17346100BBD772 /* AppDelegate.swift in Sources */,
				47BA52BC1D19BDE70022FE63 /* CreateUserInteractor.swift in Sources */,
				0A1C0CC51D17475100BBD772 /* Endpoint.swift in Sources */,
				0A1C0CC01D17405C00BBD772 /* Credential.swift in Sources */,
				47BA52C61D19EF5B0022FE63 /* BeaconDataStoreLocal.swift in Sources */,
				47BA52D61D1A01140022FE63 /* ChallengeDataStoreNetwork.swift in Sources */,
				47BA52921D18A1E40022FE63 /* UserDataStore.swift in Sources */,
				0A1C0CB71D173CB400BBD772 /* BeaconRepository.swift in Sources */,
				47BA52AE1D19A7C80022FE63 /* LoginInteractor.swift in Sources */,
				0A1C0CC31D17461B00BBD772 /* WebServiceManager.swift in Sources */,
				47BA52901D18A1D80022FE63 /* UserRepository.swift in Sources */,
				0A1C0CBB1D173EF300BBD772 /* BeaconDataStoreNetwork.swift in Sources */,
				47BA52DC1D1A04180022FE63 /* UserDataStoreLocal.swift in Sources */,
				0A1C0CB91D173CF100BBD772 /* BeaconDataStore.swift in Sources */,
				0A1C0CCE1D17776400BBD772 /* DictionaryConvertible.swift in Sources */,
				47BA52941D18A1F00022FE63 /* UserDataStoreNetwork.swift in Sources */,
				47BA52D81D1A01880022FE63 /* ChallengeDataStoreLocal.swift in Sources */,
				47BA52B81D19BA970022FE63 /* CreateUserViewController.swift in Sources */,
				0A1C0CCC1D1770FE00BBD772 /* Beacon.swift in Sources */,
				47BA52AC1D19A65F0022FE63 /* AppCredential.swift in Sources */,
				0A1C0CC91D176CDE00BBD772 /* JSONHelper.swift in Sources */,
				47BA52C21D19E6DC0022FE63 /* ChallengeListViewController.swift in Sources */,
				47BA528C1D189F130022FE63 /* Visit.swift in Sources */,
			);
			runOnlyForDeploymentPostprocessing = 0;
		};
/* End PBXSourcesBuildPhase section */

/* Begin PBXVariantGroup section */
		0A1C0CA11D17346100BBD772 /* LaunchScreen.storyboard */ = {
			isa = PBXVariantGroup;
			children = (
				0A1C0CA21D17346100BBD772 /* Base */,
			);
			name = LaunchScreen.storyboard;
			sourceTree = "<group>";
		};
/* End PBXVariantGroup section */

/* Begin XCBuildConfiguration section */
		0A1C0CA51D17346100BBD772 /* Debug */ = {
			isa = XCBuildConfiguration;
			buildSettings = {
				ALWAYS_SEARCH_USER_PATHS = NO;
				CLANG_ANALYZER_NONNULL = YES;
				CLANG_CXX_LANGUAGE_STANDARD = "gnu++0x";
				CLANG_CXX_LIBRARY = "libc++";
				CLANG_ENABLE_MODULES = YES;
				CLANG_ENABLE_OBJC_ARC = YES;
				CLANG_WARN_BOOL_CONVERSION = YES;
				CLANG_WARN_CONSTANT_CONVERSION = YES;
				CLANG_WARN_DIRECT_OBJC_ISA_USAGE = YES_ERROR;
				CLANG_WARN_EMPTY_BODY = YES;
				CLANG_WARN_ENUM_CONVERSION = YES;
				CLANG_WARN_INT_CONVERSION = YES;
				CLANG_WARN_OBJC_ROOT_CLASS = YES_ERROR;
				CLANG_WARN_UNREACHABLE_CODE = YES;
				CLANG_WARN__DUPLICATE_METHOD_MATCH = YES;
				"CODE_SIGN_IDENTITY[sdk=iphoneos*]" = "iPhone Developer";
				COPY_PHASE_STRIP = NO;
				DEBUG_INFORMATION_FORMAT = dwarf;
				ENABLE_STRICT_OBJC_MSGSEND = YES;
				ENABLE_TESTABILITY = YES;
				GCC_C_LANGUAGE_STANDARD = gnu99;
				GCC_DYNAMIC_NO_PIC = NO;
				GCC_NO_COMMON_BLOCKS = YES;
				GCC_OPTIMIZATION_LEVEL = 0;
				GCC_PREPROCESSOR_DEFINITIONS = (
					"DEBUG=1",
					"$(inherited)",
				);
				GCC_WARN_64_TO_32_BIT_CONVERSION = YES;
				GCC_WARN_ABOUT_RETURN_TYPE = YES_ERROR;
				GCC_WARN_UNDECLARED_SELECTOR = YES;
				GCC_WARN_UNINITIALIZED_AUTOS = YES_AGGRESSIVE;
				GCC_WARN_UNUSED_FUNCTION = YES;
				GCC_WARN_UNUSED_VARIABLE = YES;
				IPHONEOS_DEPLOYMENT_TARGET = 9.3;
				MTL_ENABLE_DEBUG_INFO = YES;
				ONLY_ACTIVE_ARCH = YES;
				SDKROOT = iphoneos;
				SWIFT_OPTIMIZATION_LEVEL = "-Onone";
				TARGETED_DEVICE_FAMILY = "1,2";
			};
			name = Debug;
		};
		0A1C0CA61D17346100BBD772 /* Release */ = {
			isa = XCBuildConfiguration;
			buildSettings = {
				ALWAYS_SEARCH_USER_PATHS = NO;
				CLANG_ANALYZER_NONNULL = YES;
				CLANG_CXX_LANGUAGE_STANDARD = "gnu++0x";
				CLANG_CXX_LIBRARY = "libc++";
				CLANG_ENABLE_MODULES = YES;
				CLANG_ENABLE_OBJC_ARC = YES;
				CLANG_WARN_BOOL_CONVERSION = YES;
				CLANG_WARN_CONSTANT_CONVERSION = YES;
				CLANG_WARN_DIRECT_OBJC_ISA_USAGE = YES_ERROR;
				CLANG_WARN_EMPTY_BODY = YES;
				CLANG_WARN_ENUM_CONVERSION = YES;
				CLANG_WARN_INT_CONVERSION = YES;
				CLANG_WARN_OBJC_ROOT_CLASS = YES_ERROR;
				CLANG_WARN_UNREACHABLE_CODE = YES;
				CLANG_WARN__DUPLICATE_METHOD_MATCH = YES;
				"CODE_SIGN_IDENTITY[sdk=iphoneos*]" = "iPhone Developer";
				COPY_PHASE_STRIP = NO;
				DEBUG_INFORMATION_FORMAT = "dwarf-with-dsym";
				ENABLE_NS_ASSERTIONS = NO;
				ENABLE_STRICT_OBJC_MSGSEND = YES;
				GCC_C_LANGUAGE_STANDARD = gnu99;
				GCC_NO_COMMON_BLOCKS = YES;
				GCC_WARN_64_TO_32_BIT_CONVERSION = YES;
				GCC_WARN_ABOUT_RETURN_TYPE = YES_ERROR;
				GCC_WARN_UNDECLARED_SELECTOR = YES;
				GCC_WARN_UNINITIALIZED_AUTOS = YES_AGGRESSIVE;
				GCC_WARN_UNUSED_FUNCTION = YES;
				GCC_WARN_UNUSED_VARIABLE = YES;
				IPHONEOS_DEPLOYMENT_TARGET = 9.3;
				MTL_ENABLE_DEBUG_INFO = NO;
				SDKROOT = iphoneos;
				TARGETED_DEVICE_FAMILY = "1,2";
				VALIDATE_PRODUCT = YES;
			};
			name = Release;
		};
		0A1C0CA81D17346100BBD772 /* Debug */ = {
			isa = XCBuildConfiguration;
			buildSettings = {
				ASSETCATALOG_COMPILER_APPICON_NAME = AppIcon;
				CODE_SIGN_IDENTITY = "iPhone Developer";
				"CODE_SIGN_IDENTITY[sdk=iphoneos*]" = "iPhone Developer";
				INFOPLIST_FILE = BeaconHunt/Info.plist;
				IPHONEOS_DEPLOYMENT_TARGET = 9.0;
				LD_RUNPATH_SEARCH_PATHS = "$(inherited) @executable_path/Frameworks";
				PRODUCT_BUNDLE_IDENTIFIER = com.quorralyne.BeaconHunt;
				PRODUCT_NAME = "$(TARGET_NAME)";
				PROVISIONING_PROFILE = "";
			};
			name = Debug;
		};
		0A1C0CA91D17346100BBD772 /* Release */ = {
			isa = XCBuildConfiguration;
			buildSettings = {
				ASSETCATALOG_COMPILER_APPICON_NAME = AppIcon;
				CODE_SIGN_IDENTITY = "iPhone Developer";
				"CODE_SIGN_IDENTITY[sdk=iphoneos*]" = "iPhone Developer";
				INFOPLIST_FILE = BeaconHunt/Info.plist;
				IPHONEOS_DEPLOYMENT_TARGET = 9.0;
				LD_RUNPATH_SEARCH_PATHS = "$(inherited) @executable_path/Frameworks";
				PRODUCT_BUNDLE_IDENTIFIER = com.quorralyne.BeaconHunt;
				PRODUCT_NAME = "$(TARGET_NAME)";
				PROVISIONING_PROFILE = "";
			};
			name = Release;
		};
/* End XCBuildConfiguration section */

/* Begin XCConfigurationList section */
		0A1C0C901D17346100BBD772 /* Build configuration list for PBXProject "BeaconHunt" */ = {
			isa = XCConfigurationList;
			buildConfigurations = (
				0A1C0CA51D17346100BBD772 /* Debug */,
				0A1C0CA61D17346100BBD772 /* Release */,
			);
			defaultConfigurationIsVisible = 0;
			defaultConfigurationName = Release;
		};
		0A1C0CA71D17346100BBD772 /* Build configuration list for PBXNativeTarget "BeaconHunt" */ = {
			isa = XCConfigurationList;
			buildConfigurations = (
				0A1C0CA81D17346100BBD772 /* Debug */,
				0A1C0CA91D17346100BBD772 /* Release */,
			);
			defaultConfigurationIsVisible = 0;
			defaultConfigurationName = Release;
		};
/* End XCConfigurationList section */
	};
	rootObject = 0A1C0C8D1D17346100BBD772 /* Project object */;
}
